
Microsoft Visual Studio Solution File, Format Version 12.00
# Visual Studio Version 16
VisualStudioVersion = 16.0.30309.148
MinimumVisualStudioVersion = 10.0.40219.1
Project("{FAE04EC0-301F-11D3-BF4B-00C04F79EFBC}") = "PythonWorkbookWithCSharpCode", "PythonWorkbookWithCSharpCode\PythonWorkbookWithCSharpCode.csproj", "{5CF8A6C9-62CF-426F-82F1-891C68F07EF5}"
EndProject
Project("{FAE04EC0-301F-11D3-BF4B-00C04F79EFBC}") = "PythonWorkbookProj2", "PythonWorkbookProj2\PythonWorkbookProj2.csproj", "{104AF01C-F6B9-426B-8253-56CE8E502835}"
EndProject
Global
	GlobalSection(SolutionConfigurationPlatforms) = preSolution
		Debug|Any CPU = Debug|Any CPU
		Release|Any CPU = Release|Any CPU
	EndGlobalSection
	GlobalSection(ProjectConfigurationPlatforms) = postSolution
		{5CF8A6C9-62CF-426F-82F1-891C68F07EF5}.Debug|Any CPU.ActiveCfg = Debug|Any CPU
		{5CF8A6C9-62CF-426F-82F1-891C68F07EF5}.Debug|Any CPU.Build.0 = Debug|Any CPU
		{5CF8A6C9-62CF-426F-82F1-891C68F07EF5}.Release|Any CPU.ActiveCfg = Release|Any CPU
		{5CF8A6C9-62CF-426F-82F1-891C68F07EF5}.Release|Any CPU.Build.0 = Release|Any CPU
		{104AF01C-F6B9-426B-8253-56CE8E502835}.Debug|Any CPU.ActiveCfg = Debug|Any CPU
		{104AF01C-F6B9-426B-8253-56CE8E502835}.Debug|Any CPU.Build.0 = Debug|Any CPU
		{104AF01C-F6B9-426B-8253-56CE8E502835}.Release|Any CPU.ActiveCfg = Release|Any CPU
		{104AF01C-F6B9-426B-8253-56CE8E502835}.Release|Any CPU.Build.0 = Release|Any CPU
	EndGlobalSection
	GlobalSection(SolutionProperties) = preSolution
		HideSolutionNode = FALSE
	EndGlobalSection
	GlobalSection(ExtensibilityGlobals) = postSolution
		SolutionGuid = {8D67A3C0-2CC8-4F77-B089-EAD4D2B323A4}
	EndGlobalSection
EndGlobal
